<Solution>
  <Project Path="SchoolManagement.API/SchoolManagement.API.csproj" />
  <Project Path="SchoolManagement.Application/SchoolManagement.Application.csproj" />
  <Project Path="SchoolManagement.Domain/SchoolManagement.Domain.csproj" />
  <Project Path="SchoolManagement.Infrastructure/SchoolManagement.Infrastructure.csproj" />
  <Project Path="SchoolManagement.Web/SchoolManagement.Web.csproj" Id="f0d38b8e-6cfd-48c4-b41b-00a613a2e42f" />
</Solution>
